
Microsoft Visual Studio Solution File, Format Version 12.00
# Visual Studio 2013
VisualStudioVersion = 12.0.31101.0
MinimumVisualStudioVersion = 10.0.40219.1
Project("{2150E333-8FDC-42A3-9474-1A3956D46DE8}") = "Core", "Core", "{7633A791-FE25-4A43-BEBB-9645991B948F}"
EndProject
Project("{2150E333-8FDC-42A3-9474-1A3956D46DE8}") = "Service", "Service", "{D79C14D1-04FD-40DE-ADD6-6932ADCCB91F}"
EndProject
Project("{2150E333-8FDC-42A3-9474-1A3956D46DE8}") = "DataAccess", "DataAccess", "{CDF49D4E-1B2E-4C06-9416-70DEB9ED5A45}"
EndProject
Project("{FAE04EC0-301F-11D3-BF4B-00C04F79EFBC}") = "Core", "Core\Core\Core.csproj", "{B7736F19-B1EF-4A1B-9BFB-3AD0B6280460}"
EndProject
Project("{FAE04EC0-301F-11D3-BF4B-00C04F79EFBC}") = "Domain", "Core\Domain\Domain.csproj", "{44822988-804B-489F-9B27-926D122CDFEA}"
EndProject
Project("{FAE04EC0-301F-11D3-BF4B-00C04F79EFBC}") = "Interface", "Core\Interface\Interface.csproj", "{579CEADA-6DB6-4573-99DE-BE6D84F4362B}"
EndProject
Project("{FAE04EC0-301F-11D3-BF4B-00C04F79EFBC}") = "OrderService.Implementation", "Service\OrderService.Implementation\OrderService.Implementation.csproj", "{23D46CF4-3BD2-429C-B512-3301E66C3C14}"
EndProject
Project("{2150E333-8FDC-42A3-9474-1A3956D46DE8}") = "WorkNode", "WorkNode", "{514BC711-D14A-407C-8494-C8D30F4AC1BE}"
EndProject
Project("{2150E333-8FDC-42A3-9474-1A3956D46DE8}") = "Logger", "Logger", "{8152840B-7460-4803-B170-7489A4AF04BB}"
EndProject
Project("{FAE04EC0-301F-11D3-BF4B-00C04F79EFBC}") = "Logger", "Logger\Logger\Logger.csproj", "{92D01559-7197-4B85-95DB-C7AC8F1C1109}"
EndProject
Project("{2150E333-8FDC-42A3-9474-1A3956D46DE8}") = "Common", "Common", "{ACC21BF2-6A62-42DD-8D41-FEE9A6003042}"
EndProject
Project("{FAE04EC0-301F-11D3-BF4B-00C04F79EFBC}") = "Common", "Common\Common\Common.csproj", "{FC0C2115-787C-4056-AE57-608C7ECFC7C7}"
EndProject
Project("{FAE04EC0-301F-11D3-BF4B-00C04F79EFBC}") = "Configuration", "Common\Configuration\Configuration.csproj", "{98206F55-168A-4E9F-95CF-42DFF9290A7F}"
EndProject
Project("{FAE04EC0-301F-11D3-BF4B-00C04F79EFBC}") = "WorkNode", "WorkNode\WorkNode\WorkNode.csproj", "{FD645AD6-59FA-4AF2-8BF9-BDD4F8FC81EA}"
EndProject
Project("{2150E333-8FDC-42A3-9474-1A3956D46DE8}") = "Test", "Test", "{1C50B123-6232-4556-BC01-F25E143D274F}"
EndProject
Project("{FAE04EC0-301F-11D3-BF4B-00C04F79EFBC}") = "Test.UT", "Test\Test.UT\Test.UT.csproj", "{84AA66F8-DAC8-48BE-8902-AF1B3DAFB096}"
EndProject
Project("{FAE04EC0-301F-11D3-BF4B-00C04F79EFBC}") = "DataAccessor", "DataAccess\DataAccessor\DataAccessor.csproj", "{F8467675-6AC8-41BE-AD2E-64B4798E63BB}"
EndProject
Project("{FAE04EC0-301F-11D3-BF4B-00C04F79EFBC}") = "OrderService.WebAPI", "Service\OrderService.WebAPI\OrderService.WebAPI.csproj", "{BE91090D-6D9B-4497-9BDC-26EFA0FDA4AD}"
EndProject
Project("{FAE04EC0-301F-11D3-BF4B-00C04F79EFBC}") = "Test.Console", "Test\Test.Console\Test.Console.csproj", "{B9CBE5FB-72EF-4868-B52A-0E2C160FAEE9}"
EndProject
Project("{FAE04EC0-301F-11D3-BF4B-00C04F79EFBC}") = "Performance", "Common\Performance\Performance.csproj", "{AB1DBCD4-AE68-468A-A72E-5B5F6A3058BD}"
EndProject
Global
	GlobalSection(SolutionConfigurationPlatforms) = preSolution
		Debug|Any CPU = Debug|Any CPU
		Release|Any CPU = Release|Any CPU
	EndGlobalSection
	GlobalSection(ProjectConfigurationPlatforms) = postSolution
		{B7736F19-B1EF-4A1B-9BFB-3AD0B6280460}.Debug|Any CPU.ActiveCfg = Debug|Any CPU
		{B7736F19-B1EF-4A1B-9BFB-3AD0B6280460}.Debug|Any CPU.Build.0 = Debug|Any CPU
		{B7736F19-B1EF-4A1B-9BFB-3AD0B6280460}.Release|Any CPU.ActiveCfg = Release|Any CPU
		{B7736F19-B1EF-4A1B-9BFB-3AD0B6280460}.Release|Any CPU.Build.0 = Release|Any CPU
		{44822988-804B-489F-9B27-926D122CDFEA}.Debug|Any CPU.ActiveCfg = Debug|Any CPU
		{44822988-804B-489F-9B27-926D122CDFEA}.Debug|Any CPU.Build.0 = Debug|Any CPU
		{44822988-804B-489F-9B27-926D122CDFEA}.Release|Any CPU.ActiveCfg = Release|Any CPU
		{44822988-804B-489F-9B27-926D122CDFEA}.Release|Any CPU.Build.0 = Release|Any CPU
		{579CEADA-6DB6-4573-99DE-BE6D84F4362B}.Debug|Any CPU.ActiveCfg = Debug|Any CPU
		{579CEADA-6DB6-4573-99DE-BE6D84F4362B}.Debug|Any CPU.Build.0 = Debug|Any CPU
		{579CEADA-6DB6-4573-99DE-BE6D84F4362B}.Release|Any CPU.ActiveCfg = Release|Any CPU
		{579CEADA-6DB6-4573-99DE-BE6D84F4362B}.Release|Any CPU.Build.0 = Release|Any CPU
		{23D46CF4-3BD2-429C-B512-3301E66C3C14}.Debug|Any CPU.ActiveCfg = Debug|Any CPU
		{23D46CF4-3BD2-429C-B512-3301E66C3C14}.Debug|Any CPU.Build.0 = Debug|Any CPU
		{23D46CF4-3BD2-429C-B512-3301E66C3C14}.Release|Any CPU.ActiveCfg = Release|Any CPU
		{23D46CF4-3BD2-429C-B512-3301E66C3C14}.Release|Any CPU.Build.0 = Release|Any CPU
		{92D01559-7197-4B85-95DB-C7AC8F1C1109}.Debug|Any CPU.ActiveCfg = Debug|Any CPU
		{92D01559-7197-4B85-95DB-C7AC8F1C1109}.Debug|Any CPU.Build.0 = Debug|Any CPU
		{92D01559-7197-4B85-95DB-C7AC8F1C1109}.Release|Any CPU.ActiveCfg = Release|Any CPU
		{92D01559-7197-4B85-95DB-C7AC8F1C1109}.Release|Any CPU.Build.0 = Release|Any CPU
		{FC0C2115-787C-4056-AE57-608C7ECFC7C7}.Debug|Any CPU.ActiveCfg = Debug|Any CPU
		{FC0C2115-787C-4056-AE57-608C7ECFC7C7}.Debug|Any CPU.Build.0 = Debug|Any CPU
		{FC0C2115-787C-4056-AE57-608C7ECFC7C7}.Release|Any CPU.ActiveCfg = Release|Any CPU
		{FC0C2115-787C-4056-AE57-608C7ECFC7C7}.Release|Any CPU.Build.0 = Release|Any CPU
		{98206F55-168A-4E9F-95CF-42DFF9290A7F}.Debug|Any CPU.ActiveCfg = Debug|Any CPU
		{98206F55-168A-4E9F-95CF-42DFF9290A7F}.Debug|Any CPU.Build.0 = Debug|Any CPU
		{98206F55-168A-4E9F-95CF-42DFF9290A7F}.Release|Any CPU.ActiveCfg = Release|Any CPU
		{98206F55-168A-4E9F-95CF-42DFF9290A7F}.Release|Any CPU.Build.0 = Release|Any CPU
		{FD645AD6-59FA-4AF2-8BF9-BDD4F8FC81EA}.Debug|Any CPU.ActiveCfg = Debug|Any CPU
		{FD645AD6-59FA-4AF2-8BF9-BDD4F8FC81EA}.Debug|Any CPU.Build.0 = Debug|Any CPU
		{FD645AD6-59FA-4AF2-8BF9-BDD4F8FC81EA}.Release|Any CPU.ActiveCfg = Release|Any CPU
		{FD645AD6-59FA-4AF2-8BF9-BDD4F8FC81EA}.Release|Any CPU.Build.0 = Release|Any CPU
		{84AA66F8-DAC8-48BE-8902-AF1B3DAFB096}.Debug|Any CPU.ActiveCfg = Debug|Any CPU
		{84AA66F8-DAC8-48BE-8902-AF1B3DAFB096}.Debug|Any CPU.Build.0 = Debug|Any CPU
		{84AA66F8-DAC8-48BE-8902-AF1B3DAFB096}.Release|Any CPU.ActiveCfg = Release|Any CPU
		{84AA66F8-DAC8-48BE-8902-AF1B3DAFB096}.Release|Any CPU.Build.0 = Release|Any CPU
		{F8467675-6AC8-41BE-AD2E-64B4798E63BB}.Debug|Any CPU.ActiveCfg = Debug|Any CPU
		{F8467675-6AC8-41BE-AD2E-64B4798E63BB}.Debug|Any CPU.Build.0 = Debug|Any CPU
		{F8467675-6AC8-41BE-AD2E-64B4798E63BB}.Release|Any CPU.ActiveCfg = Release|Any CPU
		{F8467675-6AC8-41BE-AD2E-64B4798E63BB}.Release|Any CPU.Build.0 = Release|Any CPU
		{BE91090D-6D9B-4497-9BDC-26EFA0FDA4AD}.Debug|Any CPU.ActiveCfg = Debug|Any CPU
		{BE91090D-6D9B-4497-9BDC-26EFA0FDA4AD}.Debug|Any CPU.Build.0 = Debug|Any CPU
		{BE91090D-6D9B-4497-9BDC-26EFA0FDA4AD}.Release|Any CPU.ActiveCfg = Release|Any CPU
		{BE91090D-6D9B-4497-9BDC-26EFA0FDA4AD}.Release|Any CPU.Build.0 = Release|Any CPU
		{B9CBE5FB-72EF-4868-B52A-0E2C160FAEE9}.Debug|Any CPU.ActiveCfg = Debug|Any CPU
		{B9CBE5FB-72EF-4868-B52A-0E2C160FAEE9}.Debug|Any CPU.Build.0 = Debug|Any CPU
		{B9CBE5FB-72EF-4868-B52A-0E2C160FAEE9}.Release|Any CPU.ActiveCfg = Release|Any CPU
		{B9CBE5FB-72EF-4868-B52A-0E2C160FAEE9}.Release|Any CPU.Build.0 = Release|Any CPU
		{AB1DBCD4-AE68-468A-A72E-5B5F6A3058BD}.Debug|Any CPU.ActiveCfg = Debug|Any CPU
		{AB1DBCD4-AE68-468A-A72E-5B5F6A3058BD}.Debug|Any CPU.Build.0 = Debug|Any CPU
		{AB1DBCD4-AE68-468A-A72E-5B5F6A3058BD}.Release|Any CPU.ActiveCfg = Release|Any CPU
		{AB1DBCD4-AE68-468A-A72E-5B5F6A3058BD}.Release|Any CPU.Build.0 = Release|Any CPU
	EndGlobalSection
	GlobalSection(SolutionProperties) = preSolution
		HideSolutionNode = FALSE
	EndGlobalSection
	GlobalSection(NestedProjects) = preSolution
		{B7736F19-B1EF-4A1B-9BFB-3AD0B6280460} = {7633A791-FE25-4A43-BEBB-9645991B948F}
		{44822988-804B-489F-9B27-926D122CDFEA} = {7633A791-FE25-4A43-BEBB-9645991B948F}
		{579CEADA-6DB6-4573-99DE-BE6D84F4362B} = {7633A791-FE25-4A43-BEBB-9645991B948F}
		{23D46CF4-3BD2-429C-B512-3301E66C3C14} = {D79C14D1-04FD-40DE-ADD6-6932ADCCB91F}
		{92D01559-7197-4B85-95DB-C7AC8F1C1109} = {8152840B-7460-4803-B170-7489A4AF04BB}
		{FC0C2115-787C-4056-AE57-608C7ECFC7C7} = {ACC21BF2-6A62-42DD-8D41-FEE9A6003042}
		{98206F55-168A-4E9F-95CF-42DFF9290A7F} = {ACC21BF2-6A62-42DD-8D41-FEE9A6003042}
		{FD645AD6-59FA-4AF2-8BF9-BDD4F8FC81EA} = {514BC711-D14A-407C-8494-C8D30F4AC1BE}
		{84AA66F8-DAC8-48BE-8902-AF1B3DAFB096} = {1C50B123-6232-4556-BC01-F25E143D274F}
		{F8467675-6AC8-41BE-AD2E-64B4798E63BB} = {CDF49D4E-1B2E-4C06-9416-70DEB9ED5A45}
		{BE91090D-6D9B-4497-9BDC-26EFA0FDA4AD} = {D79C14D1-04FD-40DE-ADD6-6932ADCCB91F}
		{B9CBE5FB-72EF-4868-B52A-0E2C160FAEE9} = {1C50B123-6232-4556-BC01-F25E143D274F}
		{AB1DBCD4-AE68-468A-A72E-5B5F6A3058BD} = {ACC21BF2-6A62-42DD-8D41-FEE9A6003042}
	EndGlobalSection
EndGlobal
